
Microsoft Visual Studio Solution File, Format Version 12.00
# Visual Studio Version 17
VisualStudioVersion = 17.5.002.0
MinimumVisualStudioVersion = 10.0.40219.1
Project("{9A19103F-16F7-4668-BE54-9A1E7A4F7556}") = "api", "api.csproj", "{2038BD83-DDB8-4A6E-B881-166E2926C136}"
EndProject
Global
	GlobalSection(SolutionConfigurationPlatforms) = preSolution
		Debug|Any CPU = Debug|Any CPU
		Release|Any CPU = Release|Any CPU
	EndGlobalSection
	GlobalSection(ProjectConfigurationPlatforms) = postSolution
		{2038BD83-DDB8-4A6E-B881-166E2926C136}.Debug|Any CPU.ActiveCfg = Debug|Any CPU
		{2038BD83-DDB8-4A6E-B881-166E2926C136}.Debug|Any CPU.Build.0 = Debug|Any CPU
		{2038BD83-DDB8-4A6E-B881-166E2926C136}.Release|Any CPU.ActiveCfg = Release|Any CPU
		{2038BD83-DDB8-4A6E-B881-166E2926C136}.Release|Any CPU.Build.0 = Release|Any CPU
	EndGlobalSection
	GlobalSection(SolutionProperties) = preSolution
		HideSolutionNode = FALSE
	EndGlobalSection
	GlobalSection(ExtensibilityGlobals) = postSolution
		SolutionGuid = {CCF67CC0-DA55-47EB-8391-3B3FA0CFED79}
	EndGlobalSection
EndGlobal
